
Microsoft Visual Studio Solution File, Format Version 12.00
# Visual Studio Version 17
VisualStudioVersion = 17.4.33103.184
MinimumVisualStudioVersion = 10.0.40219.1
Project("{FAE04EC0-301F-11D3-BF4B-00C04F79EFBC}") = "SkillBill_Chat_WebAPI", "SkillBill_Chat_WebAPI\SkillBill_Chat_WebAPI.csproj", "{A5940634-A49F-46ED-AEC3-46D1B45E7D43}"
EndProject
Global
	GlobalSection(SolutionConfigurationPlatforms) = preSolution
		Debug|Any CPU = Debug|Any CPU
		Release|Any CPU = Release|Any CPU
	EndGlobalSection
	GlobalSection(ProjectConfigurationPlatforms) = postSolution
		{A5940634-A49F-46ED-AEC3-46D1B45E7D43}.Debug|Any CPU.ActiveCfg = Debug|Any CPU
		{A5940634-A49F-46ED-AEC3-46D1B45E7D43}.Debug|Any CPU.Build.0 = Debug|Any CPU
		{A5940634-A49F-46ED-AEC3-46D1B45E7D43}.Release|Any CPU.ActiveCfg = Release|Any CPU
		{A5940634-A49F-46ED-AEC3-46D1B45E7D43}.Release|Any CPU.Build.0 = Release|Any CPU
	EndGlobalSection
	GlobalSection(SolutionProperties) = preSolution
		HideSolutionNode = FALSE
	EndGlobalSection
	GlobalSection(ExtensibilityGlobals) = postSolution
		SolutionGuid = {741A19F1-A3D1-4B98-9271-AC835E260262}
	EndGlobalSection
EndGlobal
